// !$*UTF8*$!
{
	archiveVersion = 1;
	classes = {
	};
	objectVersion = 46;
	objects = {

/* Begin PBXBuildFile section */
		519A9B751D6ECCC5009352F3 /* main.m in Sources */ = {isa = PBXBuildFile; fileRef = 519A9B741D6ECCC5009352F3 /* main.m */; };
		519A9B781D6ECCC5009352F3 /* AppDelegate.m in Sources */ = {isa = PBXBuildFile; fileRef = 519A9B771D6ECCC5009352F3 /* AppDelegate.m */; };
		519A9B7B1D6ECCC5009352F3 /* ViewController.m in Sources */ = {isa = PBXBuildFile; fileRef = 519A9B7A1D6ECCC5009352F3 /* ViewController.m */; };
		519A9B7E1D6ECCC5009352F3 /* Main.storyboard in Resources */ = {isa = PBXBuildFile; fileRef = 519A9B7C1D6ECCC5009352F3 /* Main.storyboard */; };
		519A9B801D6ECCC5009352F3 /* Assets.xcassets in Resources */ = {isa = PBXBuildFile; fileRef = 519A9B7F1D6ECCC5009352F3 /* Assets.xcassets */; };
		519A9B831D6ECCC5009352F3 /* LaunchScreen.storyboard in Resources */ = {isa = PBXBuildFile; fileRef = 519A9B811D6ECCC5009352F3 /* LaunchScreen.storyboard */; };
		519A9BB71D6ECE90009352F3 /* FLAddressBookVC.m in Sources */ = {isa = PBXBuildFile; fileRef = 519A9BB11D6ECE90009352F3 /* FLAddressBookVC.m */; };
		519A9BB81D6ECE90009352F3 /* FLAddressBookVC.xib in Resources */ = {isa = PBXBuildFile; fileRef = 519A9BB21D6ECE90009352F3 /* FLAddressBookVC.xib */; };
		519A9BB91D6ECE90009352F3 /* LinkMan.m in Sources */ = {isa = PBXBuildFile; fileRef = 519A9BB51D6ECE90009352F3 /* LinkMan.m */; };
		519A9BBD1D6ED038009352F3 /* NSString+Helper.m in Sources */ = {isa = PBXBuildFile; fileRef = 519A9BBC1D6ED038009352F3 /* NSString+Helper.m */; };
/* End PBXBuildFile section */

/* Begin PBXFileReference section */
		519A9B701D6ECCC5009352F3 /* FLAddressBookDemo.app */ = {isa = PBXFileReference; explicitFileType = wrapper.application; includeInIndex = 0; path = FLAddressBookDemo.app; sourceTree = BUILT_PRODUCTS_DIR; };
		519A9B741D6ECCC5009352F3 /* main.m */ = {isa = PBXFileReference; lastKnownFileType = sourcecode.c.objc; path = main.m; sourceTree = "<group>"; };
		519A9B761D6ECCC5009352F3 /* AppDelegate.h */ = {isa = PBXFileReference; lastKnownFileType = sourcecode.c.h; path = AppDelegate.h; sourceTree = "<group>"; };
		519A9B771D6ECCC5009352F3 /* AppDelegate.m */ = {isa = PBXFileReference; lastKnownFileType = sourcecode.c.objc; path = AppDelegate.m; sourceTree = "<group>"; };
		519A9B791D6ECCC5009352F3 /* ViewController.h */ = {isa = PBXFileReference; lastKnownFileType = sourcecode.c.h; path = ViewController.h; sourceTree = "<group>"; };
		519A9B7A1D6ECCC5009352F3 /* ViewController.m */ = {isa = PBXFileReference; lastKnownFileType = sourcecode.c.objc; path = ViewController.m; sourceTree = "<group>"; };
		519A9B7D1D6ECCC5009352F3 /* Base */ = {isa = PBXFileReference; lastKnownFileType = file.storyboard; name = Base; path = Base.lproj/Main.storyboard; sourceTree = "<group>"; };
		519A9B7F1D6ECCC5009352F3 /* Assets.xcassets */ = {isa = PBXFileReference; lastKnownFileType = folder.assetcatalog; path = Assets.xcassets; sourceTree = "<group>"; };
		519A9B821D6ECCC5009352F3 /* Base */ = {isa = PBXFileReference; lastKnownFileType = file.storyboard; name = Base; path = Base.lproj/LaunchScreen.storyboard; sourceTree = "<group>"; };
		519A9B841D6ECCC5009352F3 /* Info.plist */ = {isa = PBXFileReference; lastKnownFileType = text.plist.xml; path = Info.plist; sourceTree = "<group>"; };
		519A9BB01D6ECE90009352F3 /* FLAddressBookVC.h */ = {isa = PBXFileReference; fileEncoding = 4; lastKnownFileType = sourcecode.c.h; path = FLAddressBookVC.h; sourceTree = "<group>"; };
		519A9BB11D6ECE90009352F3 /* FLAddressBookVC.m */ = {isa = PBXFileReference; fileEncoding = 4; lastKnownFileType = sourcecode.c.objc; path = FLAddressBookVC.m; sourceTree = "<group>"; };
		519A9BB21D6ECE90009352F3 /* FLAddressBookVC.xib */ = {isa = PBXFileReference; fileEncoding = 4; lastKnownFileType = file.xib; path = FLAddressBookVC.xib; sourceTree = "<group>"; };
		519A9BB41D6ECE90009352F3 /* LinkMan.h */ = {isa = PBXFileReference; fileEncoding = 4; lastKnownFileType = sourcecode.c.h; path = LinkMan.h; sourceTree = "<group>"; };
		519A9BB51D6ECE90009352F3 /* LinkMan.m */ = {isa = PBXFileReference; fileEncoding = 4; lastKnownFileType = sourcecode.c.objc; path = LinkMan.m; sourceTree = "<group>"; };
		519A9BBB1D6ED038009352F3 /* NSString+Helper.h */ = {isa = PBXFileReference; fileEncoding = 4; lastKnownFileType = sourcecode.c.h; path = "NSString+Helper.h"; sourceTree = "<group>"; };
		519A9BBC1D6ED038009352F3 /* NSString+Helper.m */ = {isa = PBXFileReference; fileEncoding = 4; lastKnownFileType = sourcecode.c.objc; path = "NSString+Helper.m"; sourceTree = "<group>"; };
/* End PBXFileReference section */

/* Begin PBXFrameworksBuildPhase section */
		519A9B6D1D6ECCC5009352F3 /* Frameworks */ = {
			isa = PBXFrameworksBuildPhase;
			buildActionMask = 2147483647;
			files = (
			);
			runOnlyForDeploymentPostprocessing = 0;
		};
/* End PBXFrameworksBuildPhase section */

/* Begin PBXGroup section */
		519A9B671D6ECCC5009352F3 = {
			isa = PBXGroup;
			children = (
				519A9BAE1D6ECE90009352F3 /* FLAddressBook */,
				519A9B721D6ECCC5009352F3 /* FLAddressBookDemo */,
				519A9B711D6ECCC5009352F3 /* Products */,
			);
			sourceTree = "<group>";
		};
		519A9B711D6ECCC5009352F3 /* Products */ = {
			isa = PBXGroup;
			children = (
				519A9B701D6ECCC5009352F3 /* FLAddressBookDemo.app */,
			);
			name = Products;
			sourceTree = "<group>";
		};
		519A9B721D6ECCC5009352F3 /* FLAddressBookDemo */ = {
			isa = PBXGroup;
			children = (
				519A9B761D6ECCC5009352F3 /* AppDelegate.h */,
				519A9B771D6ECCC5009352F3 /* AppDelegate.m */,
				519A9B791D6ECCC5009352F3 /* ViewController.h */,
				519A9B7A1D6ECCC5009352F3 /* ViewController.m */,
				519A9B7C1D6ECCC5009352F3 /* Main.storyboard */,
				519A9B7F1D6ECCC5009352F3 /* Assets.xcassets */,
				519A9B811D6ECCC5009352F3 /* LaunchScreen.storyboard */,
				519A9B841D6ECCC5009352F3 /* Info.plist */,
				519A9B731D6ECCC5009352F3 /* Supporting Files */,
			);
			path = FLAddressBookDemo;
			sourceTree = "<group>";
		};
		519A9B731D6ECCC5009352F3 /* Supporting Files */ = {
			isa = PBXGroup;
			children = (
				519A9B741D6ECCC5009352F3 /* main.m */,
			);
			name = "Supporting Files";
			sourceTree = "<group>";
		};
		519A9BAE1D6ECE90009352F3 /* FLAddressBook */ = {
			isa = PBXGroup;
			children = (
				519A9BBA1D6ED00E009352F3 /* Tools */,
				519A9BAF1D6ECE90009352F3 /* Controller */,
				519A9BB31D6ECE90009352F3 /* Model */,
				519A9BB61D6ECE90009352F3 /* View */,
			);
			path = FLAddressBook;
			sourceTree = "<group>";
		};
		519A9BAF1D6ECE90009352F3 /* Controller */ = {
			isa = PBXGroup;
			children = (
				519A9BB01D6ECE90009352F3 /* FLAddressBookVC.h */,
				519A9BB11D6ECE90009352F3 /* FLAddressBookVC.m */,
				519A9BB21D6ECE90009352F3 /* FLAddressBookVC.xib */,
			);
			path = Controller;
			sourceTree = "<group>";
		};
		519A9BB31D6ECE90009352F3 /* Model */ = {
			isa = PBXGroup;
			children = (
				519A9BB41D6ECE90009352F3 /* LinkMan.h */,
				519A9BB51D6ECE90009352F3 /* LinkMan.m */,
			);
			path = Model;
			sourceTree = "<group>";
		};
		519A9BB61D6ECE90009352F3 /* View */ = {
			isa = PBXGroup;
			children = (
			);
			path = View;
			sourceTree = "<group>";
		};
		519A9BBA1D6ED00E009352F3 /* Tools */ = {
			isa = PBXGroup;
			children = (
				519A9BBB1D6ED038009352F3 /* NSString+Helper.h */,
				519A9BBC1D6ED038009352F3 /* NSString+Helper.m */,
			);
			path = Tools;
			sourceTree = "<group>";
		};
/* End PBXGroup section */

/* Begin PBXNativeTarget section */
		519A9B6F1D6ECCC5009352F3 /* FLAddressBookDemo */ = {
			isa = PBXNativeTarget;
			buildConfigurationList = 519A9B871D6ECCC5009352F3 /* Build configuration list for PBXNativeTarget "FLAddressBookDemo" */;
			buildPhases = (
				519A9B6C1D6ECCC5009352F3 /* Sources */,
				519A9B6D1D6ECCC5009352F3 /* Frameworks */,
				519A9B6E1D6ECCC5009352F3 /* Resources */,
			);
			buildRules = (
			);
			dependencies = (
			);
			name = FLAddressBookDemo;
			productName = FLAddressBookDemo;
			productReference = 519A9B701D6ECCC5009352F3 /* FLAddressBookDemo.app */;
			productType = "com.apple.product-type.application";
		};
/* End PBXNativeTarget section */

/* Begin PBXProject section */
		519A9B681D6ECCC5009352F3 /* Project object */ = {
			isa = PBXProject;
			attributes = {
				LastUpgradeCheck = 0730;
				ORGANIZATIONNAME = maipu;
				TargetAttributes = {
					519A9B6F1D6ECCC5009352F3 = {
						CreatedOnToolsVersion = 7.3.1;
					};
				};
			};
			buildConfigurationList = 519A9B6B1D6ECCC5009352F3 /* Build configuration list for PBXProject "FLAddressBookDemo" */;
			compatibilityVersion = "Xcode 3.2";
			developmentRegion = English;
			hasScannedForEncodings = 0;
			knownRegions = (
				en,
				Base,
			);
			mainGroup = 519A9B671D6ECCC5009352F3;
			productRefGroup = 519A9B711D6ECCC5009352F3 /* Products */;
			projectDirPath = "";
			projectRoot = "";
			targets = (
				519A9B6F1D6ECCC5009352F3 /* FLAddressBookDemo */,
			);
		};
/* End PBXProject section */

/* Begin PBXResourcesBuildPhase section */
		519A9B6E1D6ECCC5009352F3 /* Resources */ = {
			isa = PBXResourcesBuildPhase;
			buildActionMask = 2147483647;
			files = (
				519A9B831D6ECCC5009352F3 /* LaunchScreen.storyboard in Resources */,
				519A9B801D6ECCC5009352F3 /* Assets.xcassets in Resources */,
				519A9B7E1D6ECCC5009352F3 /* Main.storyboard in Resources */,
				519A9BB81D6ECE90009352F3 /* FLAddressBookVC.xib in Resources */,
			);
			runOnlyForDeploymentPostprocessing = 0;
		};
/* End PBXResourcesBuildPhase section */

/* Begin PBXSourcesBuildPhase section */
		519A9B6C1D6ECCC5009352F3 /* Sources */ = {
			isa = PBXSourcesBuildPhase;
			buildActionMask = 2147483647;
			files = (
				519A9B7B1D6ECCC5009352F3 /* ViewController.m in Sources */,
				519A9B781D6ECCC5009352F3 /* AppDelegate.m in Sources */,
				519A9B751D6ECCC5009352F3 /* main.m in Sources */,
				519A9BB71D6ECE90009352F3 /* FLAddressBookVC.m in Sources */,
				519A9BB91D6ECE90009352F3 /* LinkMan.m in Sources */,
				519A9BBD1D6ED038009352F3 /* NSString+Helper.m in Sources */,
			);
			runOnlyForDeploymentPostprocessing = 0;
		};
/* End PBXSourcesBuildPhase section */

/* Begin PBXVariantGroup section */
		519A9B7C1D6ECCC5009352F3 /* Main.storyboard */ = {
			isa = PBXVariantGroup;
			children = (
				519A9B7D1D6ECCC5009352F3 /* Base */,
			);
			name = Main.storyboard;
			sourceTree = "<group>";
		};
		519A9B811D6ECCC5009352F3 /* LaunchScreen.storyboard */ = {
			isa = PBXVariantGroup;
			children = (
				519A9B821D6ECCC5009352F3 /* Base */,
			);
			name = LaunchScreen.storyboard;
			sourceTree = "<group>";
		};
/* End PBXVariantGroup section */

/* Begin XCBuildConfiguration section */
		519A9B851D6ECCC5009352F3 /* Debug */ = {
			isa = XCBuildConfiguration;
			buildSettings = {
				ALWAYS_SEARCH_USER_PATHS = NO;
				CLANG_ANALYZER_NONNULL = YES;
				CLANG_CXX_LANGUAGE_STANDARD = "gnu++0x";
				CLANG_CXX_LIBRARY = "libc++";
				CLANG_ENABLE_MODULES = YES;
				CLANG_ENABLE_OBJC_ARC = YES;
				CLANG_WARN_BOOL_CONVERSION = YES;
				CLANG_WARN_CONSTANT_CONVERSION = YES;
				CLANG_WARN_DIRECT_OBJC_ISA_USAGE = YES_ERROR;
				CLANG_WARN_EMPTY_BODY = YES;
				CLANG_WARN_ENUM_CONVERSION = YES;
				CLANG_WARN_INT_CONVERSION = YES;
				CLANG_WARN_OBJC_ROOT_CLASS = YES_ERROR;
				CLANG_WARN_UNREACHABLE_CODE = YES;
				CLANG_WARN__DUPLICATE_METHOD_MATCH = YES;
				"CODE_SIGN_IDENTITY[sdk=iphoneos*]" = "iPhone Developer";
				COPY_PHASE_STRIP = NO;
				DEBUG_INFORMATION_FORMAT = dwarf;
				ENABLE_STRICT_OBJC_MSGSEND = YES;
				ENABLE_TESTABILITY = YES;
				GCC_C_LANGUAGE_STANDARD = gnu99;
				GCC_DYNAMIC_NO_PIC = NO;
				GCC_NO_COMMON_BLOCKS = YES;
				GCC_OPTIMIZATION_LEVEL = 0;
				GCC_PREPROCESSOR_DEFINITIONS = (
					"DEBUG=1",
					"$(inherited)",
				);
				GCC_WARN_64_TO_32_BIT_CONVERSION = YES;
				GCC_WARN_ABOUT_RETURN_TYPE = YES_ERROR;
				GCC_WARN_UNDECLARED_SELECTOR = YES;
				GCC_WARN_UNINITIALIZED_AUTOS = YES_AGGRESSIVE;
				GCC_WARN_UNUSED_FUNCTION = YES;
				GCC_WARN_UNUSED_VARIABLE = YES;
				IPHONEOS_DEPLOYMENT_TARGET = 9.3;
				MTL_ENABLE_DEBUG_INFO = YES;
				ONLY_ACTIVE_ARCH = YES;
				SDKROOT = iphoneos;
				TARGETED_DEVICE_FAMILY = "1,2";
			};
			name = Debug;
		};
		519A9B861D6ECCC5009352F3 /* Release */ = {
			isa = XCBuildConfiguration;
			buildSettings = {
				ALWAYS_SEARCH_USER_PATHS = NO;
				CLANG_ANALYZER_NONNULL = YES;
				CLANG_CXX_LANGUAGE_STANDARD = "gnu++0x";
				CLANG_CXX_LIBRARY = "libc++";
				CLANG_ENABLE_MODULES = YES;
				CLANG_ENABLE_OBJC_ARC = YES;
				CLANG_WARN_BOOL_CONVERSION = YES;
				CLANG_WARN_CONSTANT_CONVERSION = YES;
				CLANG_WARN_DIRECT_OBJC_ISA_USAGE = YES_ERROR;
				CLANG_WARN_EMPTY_BODY = YES;
				CLANG_WARN_ENUM_CONVERSION = YES;
				CLANG_WARN_INT_CONVERSION = YES;
				CLANG_WARN_OBJC_ROOT_CLASS = YES_ERROR;
				CLANG_WARN_UNREACHABLE_CODE = YES;
				CLANG_WARN__DUPLICATE_METHOD_MATCH = YES;
				"CODE_SIGN_IDENTITY[sdk=iphoneos*]" = "iPhone Developer";
				COPY_PHASE_STRIP = NO;
				DEBUG_INFORMATION_FORMAT = "dwarf-with-dsym";
				ENABLE_NS_ASSERTIONS = NO;
				ENABLE_STRICT_OBJC_MSGSEND = YES;
				GCC_C_LANGUAGE_STANDARD = gnu99;
				GCC_NO_COMMON_BLOCKS = YES;
				GCC_WARN_64_TO_32_BIT_CONVERSION = YES;
				GCC_WARN_ABOUT_RETURN_TYPE = YES_ERROR;
				GCC_WARN_UNDECLARED_SELECTOR = YES;
				GCC_WARN_UNINITIALIZED_AUTOS = YES_AGGRESSIVE;
				GCC_WARN_UNUSED_FUNCTION = YES;
				GCC_WARN_UNUSED_VARIABLE = YES;
				IPHONEOS_DEPLOYMENT_TARGET = 9.3;
				MTL_ENABLE_DEBUG_INFO = NO;
				SDKROOT = iphoneos;
				TARGETED_DEVICE_FAMILY = "1,2";
				VALIDATE_PRODUCT = YES;
			};
			name = Release;
		};
		519A9B881D6ECCC5009352F3 /* Debug */ = {
			isa = XCBuildConfiguration;
			buildSettings = {
				ASSETCATALOG_COMPILER_APPICON_NAME = AppIcon;
				INFOPLIST_FILE = FLAddressBookDemo/Info.plist;
				IPHONEOS_DEPLOYMENT_TARGET = 7.0;
				LD_RUNPATH_SEARCH_PATHS = "$(inherited) @executable_path/Frameworks";
				PRODUCT_BUNDLE_IDENTIFIER = com.maipu.FLAddressBookDemo;
				PRODUCT_NAME = "$(TARGET_NAME)";
			};
			name = Debug;
		};
		519A9B891D6ECCC5009352F3 /* Release */ = {
			isa = XCBuildConfiguration;
			buildSettings = {
				ASSETCATALOG_COMPILER_APPICON_NAME = AppIcon;
				INFOPLIST_FILE = FLAddressBookDemo/Info.plist;
				IPHONEOS_DEPLOYMENT_TARGET = 7.0;
				LD_RUNPATH_SEARCH_PATHS = "$(inherited) @executable_path/Frameworks";
				PRODUCT_BUNDLE_IDENTIFIER = com.maipu.FLAddressBookDemo;
				PRODUCT_NAME = "$(TARGET_NAME)";
			};
			name = Release;
		};
/* End XCBuildConfiguration section */

/* Begin XCConfigurationList section */
		519A9B6B1D6ECCC5009352F3 /* Build configuration list for PBXProject "FLAddressBookDemo" */ = {
			isa = XCConfigurationList;
			buildConfigurations = (
				519A9B851D6ECCC5009352F3 /* Debug */,
				519A9B861D6ECCC5009352F3 /* Release */,
			);
			defaultConfigurationIsVisible = 0;
			defaultConfigurationName = Release;
		};
		519A9B871D6ECCC5009352F3 /* Build configuration list for PBXNativeTarget "FLAddressBookDemo" */ = {
			isa = XCConfigurationList;
			buildConfigurations = (
				519A9B881D6ECCC5009352F3 /* Debug */,
				519A9B891D6ECCC5009352F3 /* Release */,
			);
			defaultConfigurationIsVisible = 0;
		};
/* End XCConfigurationList section */
	};
	rootObject = 519A9B681D6ECCC5009352F3 /* Project object */;
}
